PODS:
  - CZImagePreviewer (1.0.6):
    - SDWebImage
    - SnapKit
  - SDWebImage (5.11.1):
    - SDWebImage/Core (= 5.11.1)
  - SDWebImage/Core (5.11.1)
  - SnapKit (4.2.0)

DEPENDENCIES:
  - CZImagePreviewer (from `../`)

SPEC REPOS:
  trunk:
    - SDWebImage
    - SnapKit

EXTERNAL SOURCES:
  CZImagePreviewer:
    :path: "../"

SPEC CHECKSUMS:
  CZImagePreviewer: ad24dc5e29ea351608880905a06a7c9253b09dcb
  SDWebImage: a7f831e1a65eb5e285e3fb046a23fcfbf08e696d
  SnapKit: fe8a619752f3f27075cc9a90244d75c6c3f27e2a

PODFILE CHECKSUM: 5cc3c66a62313604f5dc59137e539ce5db45318f

COCOAPODS: 1.10.2
