PODS:
  - CZImagePreviewer (1.0.2):
    - SDWebImage
  - SDWebImage (5.9.4):
    - SDWebImage/Core (= 5.9.4)
  - SDWebImage/Core (5.9.4)

DEPENDENCIES:
  - CZImagePreviewer (from `../`)
  - SDWebImage

SPEC REPOS:
  trunk:
    - SDWebImage

EXTERNAL SOURCES:
  CZImagePreviewer:
    :path: "../"

SPEC CHECKSUMS:
  CZImagePreviewer: a84634bc7f96f1dcc906f5d72996ef9f798f3103
  SDWebImage: b69257f4ab14e9b6a2ef53e910fdf914d8f757c1

PODFILE CHECKSUM: cd58e6724a687e282ff8f77b18c9b8340159e800

COCOAPODS: 1.10.0
